// !$*UTF8*$!
{
	archiveVersion = 1;
	classes = {
	};
	objectVersion = 50;
	objects = {

/* Begin PBXBuildFile section */
		F1D6E689248E7CD30060BCE2 /* AppDelegate.swift in Sources */ = {isa = PBXBuildFile; fileRef = F1D6E688248E7CD30060BCE2 /* AppDelegate.swift */; };
		F1D6E68B248E7CD30060BCE2 /* SceneDelegate.swift in Sources */ = {isa = PBXBuildFile; fileRef = F1D6E68A248E7CD30060BCE2 /* SceneDelegate.swift */; };
		F1D6E68D248E7CD30060BCE2 /* ContentView.swift in Sources */ = {isa = PBXBuildFile; fileRef = F1D6E68C248E7CD30060BCE2 /* ContentView.swift */; };
		F1D6E68F248E7CD60060BCE2 /* Assets.xcassets in Resources */ = {isa = PBXBuildFile; fileRef = F1D6E68E248E7CD60060BCE2 /* Assets.xcassets */; };
		F1D6E692248E7CD60060BCE2 /* Preview Assets.xcassets in Resources */ = {isa = PBXBuildFile; fileRef = F1D6E691248E7CD60060BCE2 /* Preview Assets.xcassets */; };
		F1D6E695248E7CD60060BCE2 /* LaunchScreen.storyboard in Resources */ = {isa = PBXBuildFile; fileRef = F1D6E693248E7CD60060BCE2 /* LaunchScreen.storyboard */; };
		F1D6E6A0248E7CD60060BCE2 /* iosTests.swift in Sources */ = {isa = PBXBuildFile; fileRef = F1D6E69F248E7CD60060BCE2 /* iosTests.swift */; };
		F1D6E6AB248E7CD60060BCE2 /* iosUITests.swift in Sources */ = {isa = PBXBuildFile; fileRef = F1D6E6AA248E7CD60060BCE2 /* iosUITests.swift */; };
		F1D6E6BD248E7F340060BCE2 /* SharedCode.framework in Frameworks */ = {isa = PBXBuildFile; fileRef = F1D6E6B9248E7ECB0060BCE2 /* SharedCode.framework */; };
		F1D6E6BE248E7F340060BCE2 /* SharedCode.framework in Embed Frameworks */ = {isa = PBXBuildFile; fileRef = F1D6E6B9248E7ECB0060BCE2 /* SharedCode.framework */; settings = {ATTRIBUTES = (CodeSignOnCopy, RemoveHeadersOnCopy, ); }; };
/* End PBXBuildFile section */

/* Begin PBXContainerItemProxy section */
		F1D6E69C248E7CD60060BCE2 /* PBXContainerItemProxy */ = {
			isa = PBXContainerItemProxy;
			containerPortal = F1D6E67D248E7CD30060BCE2 /* Project object */;
			proxyType = 1;
			remoteGlobalIDString = F1D6E684248E7CD30060BCE2;
			remoteInfo = ios;
		};
		F1D6E6A7248E7CD60060BCE2 /* PBXContainerItemProxy */ = {
			isa = PBXContainerItemProxy;
			containerPortal = F1D6E67D248E7CD30060BCE2 /* Project object */;
			proxyType = 1;
			remoteGlobalIDString = F1D6E684248E7CD30060BCE2;
			remoteInfo = ios;
		};
/* End PBXContainerItemProxy section */

/* Begin PBXCopyFilesBuildPhase section */
		F1D6E6BF248E7F340060BCE2 /* Embed Frameworks */ = {
			isa = PBXCopyFilesBuildPhase;
			buildActionMask = 2147483647;
			dstPath = "";
			dstSubfolderSpec = 10;
			files = (
				F1D6E6BE248E7F340060BCE2 /* SharedCode.framework in Embed Frameworks */,
			);
			name = "Embed Frameworks";
			runOnlyForDeploymentPostprocessing = 0;
		};
/* End PBXCopyFilesBuildPhase section */

/* Begin PBXFileReference section */
		F1D6E685248E7CD30060BCE2 /* ios.app */ = {isa = PBXFileReference; explicitFileType = wrapper.application; includeInIndex = 0; path = ios.app; sourceTree = BUILT_PRODUCTS_DIR; };
		F1D6E688248E7CD30060BCE2 /* AppDelegate.swift */ = {isa = PBXFileReference; lastKnownFileType = sourcecode.swift; path = AppDelegate.swift; sourceTree = "<group>"; };
		F1D6E68A248E7CD30060BCE2 /* SceneDelegate.swift */ = {isa = PBXFileReference; lastKnownFileType = sourcecode.swift; path = SceneDelegate.swift; sourceTree = "<group>"; };
		F1D6E68C248E7CD30060BCE2 /* ContentView.swift */ = {isa = PBXFileReference; lastKnownFileType = sourcecode.swift; path = ContentView.swift; sourceTree = "<group>"; };
		F1D6E68E248E7CD60060BCE2 /* Assets.xcassets */ = {isa = PBXFileReference; lastKnownFileType = folder.assetcatalog; path = Assets.xcassets; sourceTree = "<group>"; };
		F1D6E691248E7CD60060BCE2 /* Preview Assets.xcassets */ = {isa = PBXFileReference; lastKnownFileType = folder.assetcatalog; path = "Preview Assets.xcassets"; sourceTree = "<group>"; };
		F1D6E694248E7CD60060BCE2 /* Base */ = {isa = PBXFileReference; lastKnownFileType = file.storyboard; name = Base; path = Base.lproj/LaunchScreen.storyboard; sourceTree = "<group>"; };
		F1D6E696248E7CD60060BCE2 /* Info.plist */ = {isa = PBXFileReference; lastKnownFileType = text.plist.xml; path = Info.plist; sourceTree = "<group>"; };
		F1D6E69B248E7CD60060BCE2 /* iosTests.xctest */ = {isa = PBXFileReference; explicitFileType = wrapper.cfbundle; includeInIndex = 0; path = iosTests.xctest; sourceTree = BUILT_PRODUCTS_DIR; };
		F1D6E69F248E7CD60060BCE2 /* iosTests.swift */ = {isa = PBXFileReference; lastKnownFileType = sourcecode.swift; path = iosTests.swift; sourceTree = "<group>"; };
		F1D6E6A1248E7CD60060BCE2 /* Info.plist */ = {isa = PBXFileReference; lastKnownFileType = text.plist.xml; path = Info.plist; sourceTree = "<group>"; };
		F1D6E6A6248E7CD60060BCE2 /* iosUITests.xctest */ = {isa = PBXFileReference; explicitFileType = wrapper.cfbundle; includeInIndex = 0; path = iosUITests.xctest; sourceTree = BUILT_PRODUCTS_DIR; };
		F1D6E6AA248E7CD60060BCE2 /* iosUITests.swift */ = {isa = PBXFileReference; lastKnownFileType = sourcecode.swift; path = iosUITests.swift; sourceTree = "<group>"; };
		F1D6E6AC248E7CD60060BCE2 /* Info.plist */ = {isa = PBXFileReference; lastKnownFileType = text.plist.xml; path = Info.plist; sourceTree = "<group>"; };
		F1D6E6B9248E7ECB0060BCE2 /* SharedCode.framework */ = {isa = PBXFileReference; lastKnownFileType = wrapper.framework; name = SharedCode.framework; path = "../../SharedCode/build/xcode-frameworks/SharedCode.framework"; sourceTree = "<group>"; };
/* End PBXFileReference section */

/* Begin PBXFrameworksBuildPhase section */
		F1D6E682248E7CD30060BCE2 /* Frameworks */ = {
			isa = PBXFrameworksBuildPhase;
			buildActionMask = 2147483647;
			files = (
				F1D6E6BD248E7F340060BCE2 /* SharedCode.framework in Frameworks */,
			);
			runOnlyForDeploymentPostprocessing = 0;
		};
		F1D6E698248E7CD60060BCE2 /* Frameworks */ = {
			isa = PBXFrameworksBuildPhase;
			buildActionMask = 2147483647;
			files = (
			);
			runOnlyForDeploymentPostprocessing = 0;
		};
		F1D6E6A3248E7CD60060BCE2 /* Frameworks */ = {
			isa = PBXFrameworksBuildPhase;
			buildActionMask = 2147483647;
			files = (
			);
			runOnlyForDeploymentPostprocessing = 0;
		};
/* End PBXFrameworksBuildPhase section */

/* Begin PBXGroup section */
		F1D6E67C248E7CD30060BCE2 = {
			isa = PBXGroup;
			children = (
				F1D6E687248E7CD30060BCE2 /* ios */,
				F1D6E69E248E7CD60060BCE2 /* iosTests */,
				F1D6E6A9248E7CD60060BCE2 /* iosUITests */,
				F1D6E686248E7CD30060BCE2 /* Products */,
				F1D6E6B8248E7ECB0060BCE2 /* Frameworks */,
			);
			sourceTree = "<group>";
		};
		F1D6E686248E7CD30060BCE2 /* Products */ = {
			isa = PBXGroup;
			children = (
				F1D6E685248E7CD30060BCE2 /* ios.app */,
				F1D6E69B248E7CD60060BCE2 /* iosTests.xctest */,
				F1D6E6A6248E7CD60060BCE2 /* iosUITests.xctest */,
			);
			name = Products;
			sourceTree = "<group>";
		};
		F1D6E687248E7CD30060BCE2 /* ios */ = {
			isa = PBXGroup;
			children = (
				F1D6E688248E7CD30060BCE2 /* AppDelegate.swift */,
				F1D6E68A248E7CD30060BCE2 /* SceneDelegate.swift */,
				F1D6E68C248E7CD30060BCE2 /* ContentView.swift */,
				F1D6E68E248E7CD60060BCE2 /* Assets.xcassets */,
				F1D6E693248E7CD60060BCE2 /* LaunchScreen.storyboard */,
				F1D6E696248E7CD60060BCE2 /* Info.plist */,
				F1D6E690248E7CD60060BCE2 /* Preview Content */,
			);
			path = ios;
			sourceTree = "<group>";
		};
		F1D6E690248E7CD60060BCE2 /* Preview Content */ = {
			isa = PBXGroup;
			children = (
				F1D6E691248E7CD60060BCE2 /* Preview Assets.xcassets */,
			);
			path = "Preview Content";
			sourceTree = "<group>";
		};
		F1D6E69E248E7CD60060BCE2 /* iosTests */ = {
			isa = PBXGroup;
			children = (
				F1D6E69F248E7CD60060BCE2 /* iosTests.swift */,
				F1D6E6A1248E7CD60060BCE2 /* Info.plist */,
			);
			path = iosTests;
			sourceTree = "<group>";
		};
		F1D6E6A9248E7CD60060BCE2 /* iosUITests */ = {
			isa = PBXGroup;
			children = (
				F1D6E6AA248E7CD60060BCE2 /* iosUITests.swift */,
				F1D6E6AC248E7CD60060BCE2 /* Info.plist */,
			);
			path = iosUITests;
			sourceTree = "<group>";
		};
		F1D6E6B8248E7ECB0060BCE2 /* Frameworks */ = {
			isa = PBXGroup;
			children = (
				F1D6E6B9248E7ECB0060BCE2 /* SharedCode.framework */,
			);
			name = Frameworks;
			sourceTree = "<group>";
		};
/* End PBXGroup section */

/* Begin PBXNativeTarget section */
		F1D6E684248E7CD30060BCE2 /* ios */ = {
			isa = PBXNativeTarget;
			buildConfigurationList = F1D6E6AF248E7CD60060BCE2 /* Build configuration list for PBXNativeTarget "ios" */;
			buildPhases = (
				F1D6E6C0248E80470060BCE2 /* Compile SharedCode */,
				F1D6E681248E7CD30060BCE2 /* Sources */,
				F1D6E682248E7CD30060BCE2 /* Frameworks */,
				F1D6E683248E7CD30060BCE2 /* Resources */,
				F1D6E6BF248E7F340060BCE2 /* Embed Frameworks */,
			);
			buildRules = (
			);
			dependencies = (
			);
			name = ios;
			productName = ios;
			productReference = F1D6E685248E7CD30060BCE2 /* ios.app */;
			productType = "com.apple.product-type.application";
		};
		F1D6E69A248E7CD60060BCE2 /* iosTests */ = {
			isa = PBXNativeTarget;
			buildConfigurationList = F1D6E6B2248E7CD60060BCE2 /* Build configuration list for PBXNativeTarget "iosTests" */;
			buildPhases = (
				F1D6E697248E7CD60060BCE2 /* Sources */,
				F1D6E698248E7CD60060BCE2 /* Frameworks */,
				F1D6E699248E7CD60060BCE2 /* Resources */,
			);
			buildRules = (
			);
			dependencies = (
				F1D6E69D248E7CD60060BCE2 /* PBXTargetDependency */,
			);
			name = iosTests;
			productName = iosTests;
			productReference = F1D6E69B248E7CD60060BCE2 /* iosTests.xctest */;
			productType = "com.apple.product-type.bundle.unit-test";
		};
		F1D6E6A5248E7CD60060BCE2 /* iosUITests */ = {
			isa = PBXNativeTarget;
			buildConfigurationList = F1D6E6B5248E7CD60060BCE2 /* Build configuration list for PBXNativeTarget "iosUITests" */;
			buildPhases = (
				F1D6E6A2248E7CD60060BCE2 /* Sources */,
				F1D6E6A3248E7CD60060BCE2 /* Frameworks */,
				F1D6E6A4248E7CD60060BCE2 /* Resources */,
			);
			buildRules = (
			);
			dependencies = (
				F1D6E6A8248E7CD60060BCE2 /* PBXTargetDependency */,
			);
			name = iosUITests;
			productName = iosUITests;
			productReference = F1D6E6A6248E7CD60060BCE2 /* iosUITests.xctest */;
			productType = "com.apple.product-type.bundle.ui-testing";
		};
/* End PBXNativeTarget section */

/* Begin PBXProject section */
		F1D6E67D248E7CD30060BCE2 /* Project object */ = {
			isa = PBXProject;
			attributes = {
				LastSwiftUpdateCheck = 1140;
				LastUpgradeCheck = 1140;
				ORGANIZATIONNAME = "Blue Lake";
				TargetAttributes = {
					F1D6E684248E7CD30060BCE2 = {
						CreatedOnToolsVersion = 11.4.1;
					};
					F1D6E69A248E7CD60060BCE2 = {
						CreatedOnToolsVersion = 11.4.1;
						TestTargetID = F1D6E684248E7CD30060BCE2;
					};
					F1D6E6A5248E7CD60060BCE2 = {
						CreatedOnToolsVersion = 11.4.1;
						TestTargetID = F1D6E684248E7CD30060BCE2;
					};
				};
			};
			buildConfigurationList = F1D6E680248E7CD30060BCE2 /* Build configuration list for PBXProject "ios" */;
			compatibilityVersion = "Xcode 9.3";
			developmentRegion = en;
			hasScannedForEncodings = 0;
			knownRegions = (
				en,
				Base,
			);
			mainGroup = F1D6E67C248E7CD30060BCE2;
			productRefGroup = F1D6E686248E7CD30060BCE2 /* Products */;
			projectDirPath = "";
			projectRoot = "";
			targets = (
				F1D6E684248E7CD30060BCE2 /* ios */,
				F1D6E69A248E7CD60060BCE2 /* iosTests */,
				F1D6E6A5248E7CD60060BCE2 /* iosUITests */,
			);
		};
/* End PBXProject section */

/* Begin PBXResourcesBuildPhase section */
		F1D6E683248E7CD30060BCE2 /* Resources */ = {
			isa = PBXResourcesBuildPhase;
			buildActionMask = 2147483647;
			files = (
				F1D6E695248E7CD60060BCE2 /* LaunchScreen.storyboard in Resources */,
				F1D6E692248E7CD60060BCE2 /* Preview Assets.xcassets in Resources */,
				F1D6E68F248E7CD60060BCE2 /* Assets.xcassets in Resources */,
			);
			runOnlyForDeploymentPostprocessing = 0;
		};
		F1D6E699248E7CD60060BCE2 /* Resources */ = {
			isa = PBXResourcesBuildPhase;
			buildActionMask = 2147483647;
			files = (
			);
			runOnlyForDeploymentPostprocessing = 0;
		};
		F1D6E6A4248E7CD60060BCE2 /* Resources */ = {
			isa = PBXResourcesBuildPhase;
			buildActionMask = 2147483647;
			files = (
			);
			runOnlyForDeploymentPostprocessing = 0;
		};
/* End PBXResourcesBuildPhase section */

/* Begin PBXShellScriptBuildPhase section */
		F1D6E6C0248E80470060BCE2 /* Compile SharedCode */ = {
			isa = PBXShellScriptBuildPhase;
			buildActionMask = 2147483647;
			files = (
			);
			inputFileListPaths = (
			);
			inputPaths = (
			);
			name = "Compile SharedCode";
			outputFileListPaths = (
			);
			outputPaths = (
			);
			runOnlyForDeploymentPostprocessing = 0;
			shellPath = /bin/sh;
			shellScript = "cd \"$SRCROOT/../../SharedCode/build/xcode-frameworks\"\n./gradlew :SharedCode:packForXCode -PXCODE_CONFIGURATION=${CONFIGURATION}\n";
			showEnvVarsInLog = 0;
		};
/* End PBXShellScriptBuildPhase section */

/* Begin PBXSourcesBuildPhase section */
		F1D6E681248E7CD30060BCE2 /* Sources */ = {
			isa = PBXSourcesBuildPhase;
			buildActionMask = 2147483647;
			files = (
				F1D6E689248E7CD30060BCE2 /* AppDelegate.swift in Sources */,
				F1D6E68B248E7CD30060BCE2 /* SceneDelegate.swift in Sources */,
				F1D6E68D248E7CD30060BCE2 /* ContentView.swift in Sources */,
			);
			runOnlyForDeploymentPostprocessing = 0;
		};
		F1D6E697248E7CD60060BCE2 /* Sources */ = {
			isa = PBXSourcesBuildPhase;
			buildActionMask = 2147483647;
			files = (
				F1D6E6A0248E7CD60060BCE2 /* iosTests.swift in Sources */,
			);
			runOnlyForDeploymentPostprocessing = 0;
		};
		F1D6E6A2248E7CD60060BCE2 /* Sources */ = {
			isa = PBXSourcesBuildPhase;
			buildActionMask = 2147483647;
			files = (
				F1D6E6AB248E7CD60060BCE2 /* iosUITests.swift in Sources */,
			);
			runOnlyForDeploymentPostprocessing = 0;
		};
/* End PBXSourcesBuildPhase section */

/* Begin PBXTargetDependency section */
		F1D6E69D248E7CD60060BCE2 /* PBXTargetDependency */ = {
			isa = PBXTargetDependency;
			target = F1D6E684248E7CD30060BCE2 /* ios */;
			targetProxy = F1D6E69C248E7CD60060BCE2 /* PBXContainerItemProxy */;
		};
		F1D6E6A8248E7CD60060BCE2 /* PBXTargetDependency */ = {
			isa = PBXTargetDependency;
			target = F1D6E684248E7CD30060BCE2 /* ios */;
			targetProxy = F1D6E6A7248E7CD60060BCE2 /* PBXContainerItemProxy */;
		};
/* End PBXTargetDependency section */

/* Begin PBXVariantGroup section */
		F1D6E693248E7CD60060BCE2 /* LaunchScreen.storyboard */ = {
			isa = PBXVariantGroup;
			children = (
				F1D6E694248E7CD60060BCE2 /* Base */,
			);
			name = LaunchScreen.storyboard;
			sourceTree = "<group>";
		};
/* End PBXVariantGroup section */

/* Begin XCBuildConfiguration section */
		F1D6E6AD248E7CD60060BCE2 /* Debug */ = {
			isa = XCBuildConfiguration;
			buildSettings = {
				ALWAYS_SEARCH_USER_PATHS = NO;
				CLANG_ANALYZER_NONNULL = YES;
				CLANG_ANALYZER_NUMBER_OBJECT_CONVERSION = YES_AGGRESSIVE;
				CLANG_CXX_LANGUAGE_STANDARD = "gnu++14";
				CLANG_CXX_LIBRARY = "libc++";
				CLANG_ENABLE_MODULES = YES;
				CLANG_ENABLE_OBJC_ARC = YES;
				CLANG_ENABLE_OBJC_WEAK = YES;
				CLANG_WARN_BLOCK_CAPTURE_AUTORELEASING = YES;
				CLANG_WARN_BOOL_CONVERSION = YES;
				CLANG_WARN_COMMA = YES;
				CLANG_WARN_CONSTANT_CONVERSION = YES;
				CLANG_WARN_DEPRECATED_OBJC_IMPLEMENTATIONS = YES;
				CLANG_WARN_DIRECT_OBJC_ISA_USAGE = YES_ERROR;
				CLANG_WARN_DOCUMENTATION_COMMENTS = YES;
				CLANG_WARN_EMPTY_BODY = YES;
				CLANG_WARN_ENUM_CONVERSION = YES;
				CLANG_WARN_INFINITE_RECURSION = YES;
				CLANG_WARN_INT_CONVERSION = YES;
				CLANG_WARN_NON_LITERAL_NULL_CONVERSION = YES;
				CLANG_WARN_OBJC_IMPLICIT_RETAIN_SELF = YES;
				CLANG_WARN_OBJC_LITERAL_CONVERSION = YES;
				CLANG_WARN_OBJC_ROOT_CLASS = YES_ERROR;
				CLANG_WARN_RANGE_LOOP_ANALYSIS = YES;
				CLANG_WARN_STRICT_PROTOTYPES = YES;
				CLANG_WARN_SUSPICIOUS_MOVE = YES;
				CLANG_WARN_UNGUARDED_AVAILABILITY = YES_AGGRESSIVE;
				CLANG_WARN_UNREACHABLE_CODE = YES;
				CLANG_WARN__DUPLICATE_METHOD_MATCH = YES;
				COPY_PHASE_STRIP = NO;
				DEBUG_INFORMATION_FORMAT = dwarf;
				ENABLE_STRICT_OBJC_MSGSEND = YES;
				ENABLE_TESTABILITY = YES;
				GCC_C_LANGUAGE_STANDARD = gnu11;
				GCC_DYNAMIC_NO_PIC = NO;
				GCC_NO_COMMON_BLOCKS = YES;
				GCC_OPTIMIZATION_LEVEL = 0;
				GCC_PREPROCESSOR_DEFINITIONS = (
					"DEBUG=1",
					"$(inherited)",
				);
				GCC_WARN_64_TO_32_BIT_CONVERSION = YES;
				GCC_WARN_ABOUT_RETURN_TYPE = YES_ERROR;
				GCC_WARN_UNDECLARED_SELECTOR = YES;
				GCC_WARN_UNINITIALIZED_AUTOS = YES_AGGRESSIVE;
				GCC_WARN_UNUSED_FUNCTION = YES;
				GCC_WARN_UNUSED_VARIABLE = YES;
				IPHONEOS_DEPLOYMENT_TARGET = 13.4;
				MTL_ENABLE_DEBUG_INFO = INCLUDE_SOURCE;
				MTL_FAST_MATH = YES;
				ONLY_ACTIVE_ARCH = YES;
				SDKROOT = iphoneos;
				SWIFT_ACTIVE_COMPILATION_CONDITIONS = DEBUG;
				SWIFT_OPTIMIZATION_LEVEL = "-Onone";
			};
			name = Debug;
		};
		F1D6E6AE248E7CD60060BCE2 /* Release */ = {
			isa = XCBuildConfiguration;
			buildSettings = {
				ALWAYS_SEARCH_USER_PATHS = NO;
				CLANG_ANALYZER_NONNULL = YES;
				CLANG_ANALYZER_NUMBER_OBJECT_CONVERSION = YES_AGGRESSIVE;
				CLANG_CXX_LANGUAGE_STANDARD = "gnu++14";
				CLANG_CXX_LIBRARY = "libc++";
				CLANG_ENABLE_MODULES = YES;
				CLANG_ENABLE_OBJC_ARC = YES;
				CLANG_ENABLE_OBJC_WEAK = YES;
				CLANG_WARN_BLOCK_CAPTURE_AUTORELEASING = YES;
				CLANG_WARN_BOOL_CONVERSION = YES;
				CLANG_WARN_COMMA = YES;
				CLANG_WARN_CONSTANT_CONVERSION = YES;
				CLANG_WARN_DEPRECATED_OBJC_IMPLEMENTATIONS = YES;
				CLANG_WARN_DIRECT_OBJC_ISA_USAGE = YES_ERROR;
				CLANG_WARN_DOCUMENTATION_COMMENTS = YES;
				CLANG_WARN_EMPTY_BODY = YES;
				CLANG_WARN_ENUM_CONVERSION = YES;
				CLANG_WARN_INFINITE_RECURSION = YES;
				CLANG_WARN_INT_CONVERSION = YES;
				CLANG_WARN_NON_LITERAL_NULL_CONVERSION = YES;
				CLANG_WARN_OBJC_IMPLICIT_RETAIN_SELF = YES;
				CLANG_WARN_OBJC_LITERAL_CONVERSION = YES;
				CLANG_WARN_OBJC_ROOT_CLASS = YES_ERROR;
				CLANG_WARN_RANGE_LOOP_ANALYSIS = YES;
				CLANG_WARN_STRICT_PROTOTYPES = YES;
				CLANG_WARN_SUSPICIOUS_MOVE = YES;
				CLANG_WARN_UNGUARDED_AVAILABILITY = YES_AGGRESSIVE;
				CLANG_WARN_UNREACHABLE_CODE = YES;
				CLANG_WARN__DUPLICATE_METHOD_MATCH = YES;
				COPY_PHASE_STRIP = NO;
				DEBUG_INFORMATION_FORMAT = "dwarf-with-dsym";
				ENABLE_NS_ASSERTIONS = NO;
				ENABLE_STRICT_OBJC_MSGSEND = YES;
				GCC_C_LANGUAGE_STANDARD = gnu11;
				GCC_NO_COMMON_BLOCKS = YES;
				GCC_WARN_64_TO_32_BIT_CONVERSION = YES;
				GCC_WARN_ABOUT_RETURN_TYPE = YES_ERROR;
				GCC_WARN_UNDECLARED_SELECTOR = YES;
				GCC_WARN_UNINITIALIZED_AUTOS = YES_AGGRESSIVE;
				GCC_WARN_UNUSED_FUNCTION = YES;
				GCC_WARN_UNUSED_VARIABLE = YES;
				IPHONEOS_DEPLOYMENT_TARGET = 13.4;
				MTL_ENABLE_DEBUG_INFO = NO;
				MTL_FAST_MATH = YES;
				SDKROOT = iphoneos;
				SWIFT_COMPILATION_MODE = wholemodule;
				SWIFT_OPTIMIZATION_LEVEL = "-O";
				VALIDATE_PRODUCT = YES;
			};
			name = Release;
		};
		F1D6E6B0248E7CD60060BCE2 /* Debug */ = {
			isa = XCBuildConfiguration;
			buildSettings = {
				ASSETCATALOG_COMPILER_APPICON_NAME = AppIcon;
				CODE_SIGN_STYLE = Automatic;
				DEVELOPMENT_ASSET_PATHS = "\"ios/Preview Content\"";
				ENABLE_PREVIEWS = YES;
				"FRAMEWORK_SEARCH_PATHS[arch=*]" = "$(SRCROOT)/../../SharedCode/build/xcode-frameworks";
				INFOPLIST_FILE = ios/Info.plist;
				LD_RUNPATH_SEARCH_PATHS = (
					"$(inherited)",
					"@executable_path/Frameworks",
				);
				PRODUCT_BUNDLE_IDENTIFIER = com.instacarro.restaurants.ios;
				PRODUCT_NAME = "$(TARGET_NAME)";
				SWIFT_VERSION = 5.0;
				TARGETED_DEVICE_FAMILY = "1,2";
			};
			name = Debug;
		};
		F1D6E6B1248E7CD60060BCE2 /* Release */ = {
			isa = XCBuildConfiguration;
			buildSettings = {
				ASSETCATALOG_COMPILER_APPICON_NAME = AppIcon;
				CODE_SIGN_STYLE = Automatic;
				DEVELOPMENT_ASSET_PATHS = "\"ios/Preview Content\"";
				ENABLE_PREVIEWS = YES;
				"FRAMEWORK_SEARCH_PATHS[arch=*]" = "$(SRCROOT)/../../SharedCode/build/xcode-frameworks";
				INFOPLIST_FILE = ios/Info.plist;
				LD_RUNPATH_SEARCH_PATHS = (
					"$(inherited)",
					"@executable_path/Frameworks",
				);
				PRODUCT_BUNDLE_IDENTIFIER = com.instacarro.restaurants.ios;
				PRODUCT_NAME = "$(TARGET_NAME)";
				SWIFT_VERSION = 5.0;
				TARGETED_DEVICE_FAMILY = "1,2";
			};
			name = Release;
		};
		F1D6E6B3248E7CD60060BCE2 /* Debug */ = {
			isa = XCBuildConfiguration;
			buildSettings = {
				ALWAYS_EMBED_SWIFT_STANDARD_LIBRARIES = YES;
				BUNDLE_LOADER = "$(TEST_HOST)";
				CODE_SIGN_STYLE = Automatic;
				INFOPLIST_FILE = iosTests/Info.plist;
				IPHONEOS_DEPLOYMENT_TARGET = 13.4;
				LD_RUNPATH_SEARCH_PATHS = (
					"$(inherited)",
					"@executable_path/Frameworks",
					"@loader_path/Frameworks",
				);
				PRODUCT_BUNDLE_IDENTIFIER = com.instacarro.restaurants.iosTests;
				PRODUCT_NAME = "$(TARGET_NAME)";
				SWIFT_VERSION = 5.0;
				TARGETED_DEVICE_FAMILY = "1,2";
				TEST_HOST = "$(BUILT_PRODUCTS_DIR)/ios.app/ios";
			};
			name = Debug;
		};
		F1D6E6B4248E7CD60060BCE2 /* Release */ = {
			isa = XCBuildConfiguration;
			buildSettings = {
				ALWAYS_EMBED_SWIFT_STANDARD_LIBRARIES = YES;
				BUNDLE_LOADER = "$(TEST_HOST)";
				CODE_SIGN_STYLE = Automatic;
				INFOPLIST_FILE = iosTests/Info.plist;
				IPHONEOS_DEPLOYMENT_TARGET = 13.4;
				LD_RUNPATH_SEARCH_PATHS = (
					"$(inherited)",
					"@executable_path/Frameworks",
					"@loader_path/Frameworks",
				);
				PRODUCT_BUNDLE_IDENTIFIER = com.instacarro.restaurants.iosTests;
				PRODUCT_NAME = "$(TARGET_NAME)";
				SWIFT_VERSION = 5.0;
				TARGETED_DEVICE_FAMILY = "1,2";
				TEST_HOST = "$(BUILT_PRODUCTS_DIR)/ios.app/ios";
			};
			name = Release;
		};
		F1D6E6B6248E7CD60060BCE2 /* Debug */ = {
			isa = XCBuildConfiguration;
			buildSettings = {
				ALWAYS_EMBED_SWIFT_STANDARD_LIBRARIES = YES;
				CODE_SIGN_STYLE = Automatic;
				INFOPLIST_FILE = iosUITests/Info.plist;
				LD_RUNPATH_SEARCH_PATHS = (
					"$(inherited)",
					"@executable_path/Frameworks",
					"@loader_path/Frameworks",
				);
				PRODUCT_BUNDLE_IDENTIFIER = com.instacarro.restaurants.iosUITests;
				PRODUCT_NAME = "$(TARGET_NAME)";
				SWIFT_VERSION = 5.0;
				TARGETED_DEVICE_FAMILY = "1,2";
				TEST_TARGET_NAME = ios;
			};
			name = Debug;
		};
		F1D6E6B7248E7CD60060BCE2 /* Release */ = {
			isa = XCBuildConfiguration;
			buildSettings = {
				ALWAYS_EMBED_SWIFT_STANDARD_LIBRARIES = YES;
				CODE_SIGN_STYLE = Automatic;
				INFOPLIST_FILE = iosUITests/Info.plist;
				LD_RUNPATH_SEARCH_PATHS = (
					"$(inherited)",
					"@executable_path/Frameworks",
					"@loader_path/Frameworks",
				);
				PRODUCT_BUNDLE_IDENTIFIER = com.instacarro.restaurants.iosUITests;
				PRODUCT_NAME = "$(TARGET_NAME)";
				SWIFT_VERSION = 5.0;
				TARGETED_DEVICE_FAMILY = "1,2";
				TEST_TARGET_NAME = ios;
			};
			name = Release;
		};
/* End XCBuildConfiguration section */

/* Begin XCConfigurationList section */
		F1D6E680248E7CD30060BCE2 /* Build configuration list for PBXProject "ios" */ = {
			isa = XCConfigurationList;
			buildConfigurations = (
				F1D6E6AD248E7CD60060BCE2 /* Debug */,
				F1D6E6AE248E7CD60060BCE2 /* Release */,
			);
			defaultConfigurationIsVisible = 0;
			defaultConfigurationName = Release;
		};
		F1D6E6AF248E7CD60060BCE2 /* Build configuration list for PBXNativeTarget "ios" */ = {
			isa = XCConfigurationList;
			buildConfigurations = (
				F1D6E6B0248E7CD60060BCE2 /* Debug */,
				F1D6E6B1248E7CD60060BCE2 /* Release */,
			);
			defaultConfigurationIsVisible = 0;
			defaultConfigurationName = Release;
		};
		F1D6E6B2248E7CD60060BCE2 /* Build configuration list for PBXNativeTarget "iosTests" */ = {
			isa = XCConfigurationList;
			buildConfigurations = (
				F1D6E6B3248E7CD60060BCE2 /* Debug */,
				F1D6E6B4248E7CD60060BCE2 /* Release */,
			);
			defaultConfigurationIsVisible = 0;
			defaultConfigurationName = Release;
		};
		F1D6E6B5248E7CD60060BCE2 /* Build configuration list for PBXNativeTarget "iosUITests" */ = {
			isa = XCConfigurationList;
			buildConfigurations = (
				F1D6E6B6248E7CD60060BCE2 /* Debug */,
				F1D6E6B7248E7CD60060BCE2 /* Release */,
			);
			defaultConfigurationIsVisible = 0;
			defaultConfigurationName = Release;
		};
/* End XCConfigurationList section */
	};
	rootObject = F1D6E67D248E7CD30060BCE2 /* Project object */;
}
